
Microsoft Visual Studio Solution File, Format Version 12.00
# Visual Studio 15
VisualStudioVersion = 15.0.28010.0
MinimumVisualStudioVersion = 10.0.40219.1
Project("{FAE04EC0-301F-11D3-BF4B-00C04F79EFBC}") = "Honeypot", "Honeypot\Honeypot.csproj", "{799C17E2-C38A-4EAE-AD4C-519522F305F2}"
EndProject
Project("{FAE04EC0-301F-11D3-BF4B-00C04F79EFBC}") = "Tests", "Tests\Tests.csproj", "{9E224137-6711-4665-80C4-1C60AC2330F4}"
EndProject
Global
	GlobalSection(SolutionConfigurationPlatforms) = preSolution
		Debug|Any CPU = Debug|Any CPU
		Release|Any CPU = Release|Any CPU
	EndGlobalSection
	GlobalSection(ProjectConfigurationPlatforms) = postSolution
		{799C17E2-C38A-4EAE-AD4C-519522F305F2}.Debug|Any CPU.ActiveCfg = Debug|Any CPU
		{799C17E2-C38A-4EAE-AD4C-519522F305F2}.Debug|Any CPU.Build.0 = Debug|Any CPU
		{799C17E2-C38A-4EAE-AD4C-519522F305F2}.Release|Any CPU.ActiveCfg = Release|Any CPU
		{799C17E2-C38A-4EAE-AD4C-519522F305F2}.Release|Any CPU.Build.0 = Release|Any CPU
		{9E224137-6711-4665-80C4-1C60AC2330F4}.Debug|Any CPU.ActiveCfg = Debug|Any CPU
		{9E224137-6711-4665-80C4-1C60AC2330F4}.Debug|Any CPU.Build.0 = Debug|Any CPU
		{9E224137-6711-4665-80C4-1C60AC2330F4}.Release|Any CPU.ActiveCfg = Release|Any CPU
		{9E224137-6711-4665-80C4-1C60AC2330F4}.Release|Any CPU.Build.0 = Release|Any CPU
	EndGlobalSection
	GlobalSection(SolutionProperties) = preSolution
		HideSolutionNode = FALSE
	EndGlobalSection
	GlobalSection(ExtensibilityGlobals) = postSolution
		SolutionGuid = {A756CD6B-A6D4-4D86-AFDB-3DC505247C3F}
	EndGlobalSection
EndGlobal
